// !$*UTF8*$!
{
	archiveVersion = 1;
	classes = {
	};
	objectVersion = 46;
	objects = {

/* Begin PBXBuildFile section */
		AF8852071CE14C0900B7EE3F /* AppDelegate.swift in Sources */ = {isa = PBXBuildFile; fileRef = AF8852061CE14C0900B7EE3F /* AppDelegate.swift */; };
		AF8852091CE14C0900B7EE3F /* TravelMapViewController.swift in Sources */ = {isa = PBXBuildFile; fileRef = AF8852081CE14C0900B7EE3F /* TravelMapViewController.swift */; };
		AF88520C1CE14C0900B7EE3F /* Main.storyboard in Resources */ = {isa = PBXBuildFile; fileRef = AF88520A1CE14C0900B7EE3F /* Main.storyboard */; };
		AF88520F1CE14C0900B7EE3F /* VirtualTourist.xcdatamodeld in Sources */ = {isa = PBXBuildFile; fileRef = AF88520D1CE14C0900B7EE3F /* VirtualTourist.xcdatamodeld */; };
		AF8852111CE14C0900B7EE3F /* Assets.xcassets in Resources */ = {isa = PBXBuildFile; fileRef = AF8852101CE14C0900B7EE3F /* Assets.xcassets */; };
		AF8852141CE14C0900B7EE3F /* LaunchScreen.storyboard in Resources */ = {isa = PBXBuildFile; fileRef = AF8852121CE14C0900B7EE3F /* LaunchScreen.storyboard */; };
		AF88521F1CE14C0900B7EE3F /* VirtualTouristTests.swift in Sources */ = {isa = PBXBuildFile; fileRef = AF88521E1CE14C0900B7EE3F /* VirtualTouristTests.swift */; };
		AF88522A1CE14C0900B7EE3F /* VirtualTouristUITests.swift in Sources */ = {isa = PBXBuildFile; fileRef = AF8852291CE14C0900B7EE3F /* VirtualTouristUITests.swift */; };
		AF88523C1CE14DC900B7EE3F /* Helpers.swift in Sources */ = {isa = PBXBuildFile; fileRef = AF88523B1CE14DC900B7EE3F /* Helpers.swift */; };
		AFBE57581CE18EFB00690F9F /* FlickerConstants.swift in Sources */ = {isa = PBXBuildFile; fileRef = AFBE57571CE18EFB00690F9F /* FlickerConstants.swift */; };
		AFCD8EBD1CE1A3C1007FF32B /* FlickrClient.swift in Sources */ = {isa = PBXBuildFile; fileRef = AFCD8EBC1CE1A3C1007FF32B /* FlickrClient.swift */; };
/* End PBXBuildFile section */

/* Begin PBXContainerItemProxy section */
		AF88521B1CE14C0900B7EE3F /* PBXContainerItemProxy */ = {
			isa = PBXContainerItemProxy;
			containerPortal = AF8851FB1CE14C0900B7EE3F /* Project object */;
			proxyType = 1;
			remoteGlobalIDString = AF8852021CE14C0900B7EE3F;
			remoteInfo = VirtualTourist;
		};
		AF8852261CE14C0900B7EE3F /* PBXContainerItemProxy */ = {
			isa = PBXContainerItemProxy;
			containerPortal = AF8851FB1CE14C0900B7EE3F /* Project object */;
			proxyType = 1;
			remoteGlobalIDString = AF8852021CE14C0900B7EE3F;
			remoteInfo = VirtualTourist;
		};
/* End PBXContainerItemProxy section */

/* Begin PBXFileReference section */
		AF8852031CE14C0900B7EE3F /* VirtualTourist.app */ = {isa = PBXFileReference; explicitFileType = wrapper.application; includeInIndex = 0; path = VirtualTourist.app; sourceTree = BUILT_PRODUCTS_DIR; };
		AF8852061CE14C0900B7EE3F /* AppDelegate.swift */ = {isa = PBXFileReference; lastKnownFileType = sourcecode.swift; path = AppDelegate.swift; sourceTree = "<group>"; };
		AF8852081CE14C0900B7EE3F /* TravelMapViewController.swift */ = {isa = PBXFileReference; lastKnownFileType = sourcecode.swift; path = TravelMapViewController.swift; sourceTree = "<group>"; };
		AF88520B1CE14C0900B7EE3F /* Base */ = {isa = PBXFileReference; lastKnownFileType = file.storyboard; name = Base; path = Base.lproj/Main.storyboard; sourceTree = "<group>"; };
		AF88520E1CE14C0900B7EE3F /* VirtualTourist.xcdatamodel */ = {isa = PBXFileReference; lastKnownFileType = wrapper.xcdatamodel; path = VirtualTourist.xcdatamodel; sourceTree = "<group>"; };
		AF8852101CE14C0900B7EE3F /* Assets.xcassets */ = {isa = PBXFileReference; lastKnownFileType = folder.assetcatalog; path = Assets.xcassets; sourceTree = "<group>"; };
		AF8852131CE14C0900B7EE3F /* Base */ = {isa = PBXFileReference; lastKnownFileType = file.storyboard; name = Base; path = Base.lproj/LaunchScreen.storyboard; sourceTree = "<group>"; };
		AF8852151CE14C0900B7EE3F /* Info.plist */ = {isa = PBXFileReference; lastKnownFileType = text.plist.xml; path = Info.plist; sourceTree = "<group>"; };
		AF88521A1CE14C0900B7EE3F /* VirtualTouristTests.xctest */ = {isa = PBXFileReference; explicitFileType = wrapper.cfbundle; includeInIndex = 0; path = VirtualTouristTests.xctest; sourceTree = BUILT_PRODUCTS_DIR; };
		AF88521E1CE14C0900B7EE3F /* VirtualTouristTests.swift */ = {isa = PBXFileReference; lastKnownFileType = sourcecode.swift; path = VirtualTouristTests.swift; sourceTree = "<group>"; };
		AF8852201CE14C0900B7EE3F /* Info.plist */ = {isa = PBXFileReference; lastKnownFileType = text.plist.xml; path = Info.plist; sourceTree = "<group>"; };
		AF8852251CE14C0900B7EE3F /* VirtualTouristUITests.xctest */ = {isa = PBXFileReference; explicitFileType = wrapper.cfbundle; includeInIndex = 0; path = VirtualTouristUITests.xctest; sourceTree = BUILT_PRODUCTS_DIR; };
		AF8852291CE14C0900B7EE3F /* VirtualTouristUITests.swift */ = {isa = PBXFileReference; lastKnownFileType = sourcecode.swift; path = VirtualTouristUITests.swift; sourceTree = "<group>"; };
		AF88522B1CE14C0900B7EE3F /* Info.plist */ = {isa = PBXFileReference; lastKnownFileType = text.plist.xml; path = Info.plist; sourceTree = "<group>"; };
		AF88523B1CE14DC900B7EE3F /* Helpers.swift */ = {isa = PBXFileReference; fileEncoding = 4; lastKnownFileType = sourcecode.swift; path = Helpers.swift; sourceTree = "<group>"; };
		AFBE57571CE18EFB00690F9F /* FlickerConstants.swift */ = {isa = PBXFileReference; fileEncoding = 4; lastKnownFileType = sourcecode.swift; path = FlickerConstants.swift; sourceTree = "<group>"; };
		AFCD8EBC1CE1A3C1007FF32B /* FlickrClient.swift */ = {isa = PBXFileReference; fileEncoding = 4; lastKnownFileType = sourcecode.swift; path = FlickrClient.swift; sourceTree = "<group>"; };
/* End PBXFileReference section */

/* Begin PBXFrameworksBuildPhase section */
		AF8852001CE14C0900B7EE3F /* Frameworks */ = {
			isa = PBXFrameworksBuildPhase;
			buildActionMask = 2147483647;
			files = (
			);
			runOnlyForDeploymentPostprocessing = 0;
		};
		AF8852171CE14C0900B7EE3F /* Frameworks */ = {
			isa = PBXFrameworksBuildPhase;
			buildActionMask = 2147483647;
			files = (
			);
			runOnlyForDeploymentPostprocessing = 0;
		};
		AF8852221CE14C0900B7EE3F /* Frameworks */ = {
			isa = PBXFrameworksBuildPhase;
			buildActionMask = 2147483647;
			files = (
			);
			runOnlyForDeploymentPostprocessing = 0;
		};
/* End PBXFrameworksBuildPhase section */

/* Begin PBXGroup section */
		AF8851FA1CE14C0900B7EE3F = {
			isa = PBXGroup;
			children = (
				AF8852051CE14C0900B7EE3F /* VirtualTourist */,
				AF88521D1CE14C0900B7EE3F /* VirtualTouristTests */,
				AF8852281CE14C0900B7EE3F /* VirtualTouristUITests */,
				AF8852041CE14C0900B7EE3F /* Products */,
			);
			sourceTree = "<group>";
		};
		AF8852041CE14C0900B7EE3F /* Products */ = {
			isa = PBXGroup;
			children = (
				AF8852031CE14C0900B7EE3F /* VirtualTourist.app */,
				AF88521A1CE14C0900B7EE3F /* VirtualTouristTests.xctest */,
				AF8852251CE14C0900B7EE3F /* VirtualTouristUITests.xctest */,
			);
			name = Products;
			sourceTree = "<group>";
		};
		AF8852051CE14C0900B7EE3F /* VirtualTourist */ = {
			isa = PBXGroup;
			children = (
				AF88523A1CE14C9400B7EE3F /* Views */,
				AF8852391CE14C8F00B7EE3F /* Objects */,
				AF8852381CE14C8A00B7EE3F /* Controllers */,
				AF8852371CE14C8500B7EE3F /* Models */,
				AF8852061CE14C0900B7EE3F /* AppDelegate.swift */,
				AF8852081CE14C0900B7EE3F /* TravelMapViewController.swift */,
				AF88520A1CE14C0900B7EE3F /* Main.storyboard */,
				AF8852101CE14C0900B7EE3F /* Assets.xcassets */,
				AF8852121CE14C0900B7EE3F /* LaunchScreen.storyboard */,
				AF8852151CE14C0900B7EE3F /* Info.plist */,
				AF88520D1CE14C0900B7EE3F /* VirtualTourist.xcdatamodeld */,
			);
			path = VirtualTourist;
			sourceTree = "<group>";
		};
		AF88521D1CE14C0900B7EE3F /* VirtualTouristTests */ = {
			isa = PBXGroup;
			children = (
				AF88521E1CE14C0900B7EE3F /* VirtualTouristTests.swift */,
				AF8852201CE14C0900B7EE3F /* Info.plist */,
			);
			path = VirtualTouristTests;
			sourceTree = "<group>";
		};
		AF8852281CE14C0900B7EE3F /* VirtualTouristUITests */ = {
			isa = PBXGroup;
			children = (
				AF8852291CE14C0900B7EE3F /* VirtualTouristUITests.swift */,
				AF88522B1CE14C0900B7EE3F /* Info.plist */,
			);
			path = VirtualTouristUITests;
			sourceTree = "<group>";
		};
		AF8852371CE14C8500B7EE3F /* Models */ = {
			isa = PBXGroup;
			children = (
				AFBE57561CE18EEB00690F9F /* Flickr */,
			);
			name = Models;
			sourceTree = "<group>";
		};
		AF8852381CE14C8A00B7EE3F /* Controllers */ = {
			isa = PBXGroup;
			children = (
			);
			name = Controllers;
			sourceTree = "<group>";
		};
		AF8852391CE14C8F00B7EE3F /* Objects */ = {
			isa = PBXGroup;
			children = (
				AF88523B1CE14DC900B7EE3F /* Helpers.swift */,
			);
			name = Objects;
			sourceTree = "<group>";
		};
		AF88523A1CE14C9400B7EE3F /* Views */ = {
			isa = PBXGroup;
			children = (
			);
			name = Views;
			sourceTree = "<group>";
		};
		AFBE57561CE18EEB00690F9F /* Flickr */ = {
			isa = PBXGroup;
			children = (
				AFBE57571CE18EFB00690F9F /* FlickerConstants.swift */,
				AFCD8EBC1CE1A3C1007FF32B /* FlickrClient.swift */,
			);
			name = Flickr;
			sourceTree = "<group>";
		};
/* End PBXGroup section */

/* Begin PBXNativeTarget section */
		AF8852021CE14C0900B7EE3F /* VirtualTourist */ = {
			isa = PBXNativeTarget;
			buildConfigurationList = AF88522E1CE14C0900B7EE3F /* Build configuration list for PBXNativeTarget "VirtualTourist" */;
			buildPhases = (
				AF8851FF1CE14C0900B7EE3F /* Sources */,
				AF8852001CE14C0900B7EE3F /* Frameworks */,
				AF8852011CE14C0900B7EE3F /* Resources */,
			);
			buildRules = (
			);
			dependencies = (
			);
			name = VirtualTourist;
			productName = VirtualTourist;
			productReference = AF8852031CE14C0900B7EE3F /* VirtualTourist.app */;
			productType = "com.apple.product-type.application";
		};
		AF8852191CE14C0900B7EE3F /* VirtualTouristTests */ = {
			isa = PBXNativeTarget;
			buildConfigurationList = AF8852311CE14C0900B7EE3F /* Build configuration list for PBXNativeTarget "VirtualTouristTests" */;
			buildPhases = (
				AF8852161CE14C0900B7EE3F /* Sources */,
				AF8852171CE14C0900B7EE3F /* Frameworks */,
				AF8852181CE14C0900B7EE3F /* Resources */,
			);
			buildRules = (
			);
			dependencies = (
				AF88521C1CE14C0900B7EE3F /* PBXTargetDependency */,
			);
			name = VirtualTouristTests;
			productName = VirtualTouristTests;
			productReference = AF88521A1CE14C0900B7EE3F /* VirtualTouristTests.xctest */;
			productType = "com.apple.product-type.bundle.unit-test";
		};
		AF8852241CE14C0900B7EE3F /* VirtualTouristUITests */ = {
			isa = PBXNativeTarget;
			buildConfigurationList = AF8852341CE14C0900B7EE3F /* Build configuration list for PBXNativeTarget "VirtualTouristUITests" */;
			buildPhases = (
				AF8852211CE14C0900B7EE3F /* Sources */,
				AF8852221CE14C0900B7EE3F /* Frameworks */,
				AF8852231CE14C0900B7EE3F /* Resources */,
			);
			buildRules = (
			);
			dependencies = (
				AF8852271CE14C0900B7EE3F /* PBXTargetDependency */,
			);
			name = VirtualTouristUITests;
			productName = VirtualTouristUITests;
			productReference = AF8852251CE14C0900B7EE3F /* VirtualTouristUITests.xctest */;
			productType = "com.apple.product-type.bundle.ui-testing";
		};
/* End PBXNativeTarget section */

/* Begin PBXProject section */
		AF8851FB1CE14C0900B7EE3F /* Project object */ = {
			isa = PBXProject;
			attributes = {
				LastSwiftUpdateCheck = 0730;
				LastUpgradeCheck = 0730;
				ORGANIZATIONNAME = "Nicholas Park";
				TargetAttributes = {
					AF8852021CE14C0900B7EE3F = {
						CreatedOnToolsVersion = 7.3;
						DevelopmentTeam = L69X2WH35W;
					};
					AF8852191CE14C0900B7EE3F = {
						CreatedOnToolsVersion = 7.3;
						DevelopmentTeam = L69X2WH35W;
						TestTargetID = AF8852021CE14C0900B7EE3F;
					};
					AF8852241CE14C0900B7EE3F = {
						CreatedOnToolsVersion = 7.3;
						DevelopmentTeam = L69X2WH35W;
						TestTargetID = AF8852021CE14C0900B7EE3F;
					};
				};
			};
			buildConfigurationList = AF8851FE1CE14C0900B7EE3F /* Build configuration list for PBXProject "VirtualTourist" */;
			compatibilityVersion = "Xcode 3.2";
			developmentRegion = English;
			hasScannedForEncodings = 0;
			knownRegions = (
				en,
				Base,
			);
			mainGroup = AF8851FA1CE14C0900B7EE3F;
			productRefGroup = AF8852041CE14C0900B7EE3F /* Products */;
			projectDirPath = "";
			projectRoot = "";
			targets = (
				AF8852021CE14C0900B7EE3F /* VirtualTourist */,
				AF8852191CE14C0900B7EE3F /* VirtualTouristTests */,
				AF8852241CE14C0900B7EE3F /* VirtualTouristUITests */,
			);
		};
/* End PBXProject section */

/* Begin PBXResourcesBuildPhase section */
		AF8852011CE14C0900B7EE3F /* Resources */ = {
			isa = PBXResourcesBuildPhase;
			buildActionMask = 2147483647;
			files = (
				AF8852141CE14C0900B7EE3F /* LaunchScreen.storyboard in Resources */,
				AF8852111CE14C0900B7EE3F /* Assets.xcassets in Resources */,
				AF88520C1CE14C0900B7EE3F /* Main.storyboard in Resources */,
			);
			runOnlyForDeploymentPostprocessing = 0;
		};
		AF8852181CE14C0900B7EE3F /* Resources */ = {
			isa = PBXResourcesBuildPhase;
			buildActionMask = 2147483647;
			files = (
			);
			runOnlyForDeploymentPostprocessing = 0;
		};
		AF8852231CE14C0900B7EE3F /* Resources */ = {
			isa = PBXResourcesBuildPhase;
			buildActionMask = 2147483647;
			files = (
			);
			runOnlyForDeploymentPostprocessing = 0;
		};
/* End PBXResourcesBuildPhase section */

/* Begin PBXSourcesBuildPhase section */
		AF8851FF1CE14C0900B7EE3F /* Sources */ = {
			isa = PBXSourcesBuildPhase;
			buildActionMask = 2147483647;
			files = (
				AF8852091CE14C0900B7EE3F /* TravelMapViewController.swift in Sources */,
				AFBE57581CE18EFB00690F9F /* FlickerConstants.swift in Sources */,
				AF8852071CE14C0900B7EE3F /* AppDelegate.swift in Sources */,
				AF88520F1CE14C0900B7EE3F /* VirtualTourist.xcdatamodeld in Sources */,
				AF88523C1CE14DC900B7EE3F /* Helpers.swift in Sources */,
				AFCD8EBD1CE1A3C1007FF32B /* FlickrClient.swift in Sources */,
			);
			runOnlyForDeploymentPostprocessing = 0;
		};
		AF8852161CE14C0900B7EE3F /* Sources */ = {
			isa = PBXSourcesBuildPhase;
			buildActionMask = 2147483647;
			files = (
				AF88521F1CE14C0900B7EE3F /* VirtualTouristTests.swift in Sources */,
			);
			runOnlyForDeploymentPostprocessing = 0;
		};
		AF8852211CE14C0900B7EE3F /* Sources */ = {
			isa = PBXSourcesBuildPhase;
			buildActionMask = 2147483647;
			files = (
				AF88522A1CE14C0900B7EE3F /* VirtualTouristUITests.swift in Sources */,
			);
			runOnlyForDeploymentPostprocessing = 0;
		};
/* End PBXSourcesBuildPhase section */

/* Begin PBXTargetDependency section */
		AF88521C1CE14C0900B7EE3F /* PBXTargetDependency */ = {
			isa = PBXTargetDependency;
			target = AF8852021CE14C0900B7EE3F /* VirtualTourist */;
			targetProxy = AF88521B1CE14C0900B7EE3F /* PBXContainerItemProxy */;
		};
		AF8852271CE14C0900B7EE3F /* PBXTargetDependency */ = {
			isa = PBXTargetDependency;
			target = AF8852021CE14C0900B7EE3F /* VirtualTourist */;
			targetProxy = AF8852261CE14C0900B7EE3F /* PBXContainerItemProxy */;
		};
/* End PBXTargetDependency section */

/* Begin PBXVariantGroup section */
		AF88520A1CE14C0900B7EE3F /* Main.storyboard */ = {
			isa = PBXVariantGroup;
			children = (
				AF88520B1CE14C0900B7EE3F /* Base */,
			);
			name = Main.storyboard;
			sourceTree = "<group>";
		};
		AF8852121CE14C0900B7EE3F /* LaunchScreen.storyboard */ = {
			isa = PBXVariantGroup;
			children = (
				AF8852131CE14C0900B7EE3F /* Base */,
			);
			name = LaunchScreen.storyboard;
			sourceTree = "<group>";
		};
/* End PBXVariantGroup section */

/* Begin XCBuildConfiguration section */
		AF88522C1CE14C0900B7EE3F /* Debug */ = {
			isa = XCBuildConfiguration;
			buildSettings = {
				ALWAYS_SEARCH_USER_PATHS = NO;
				CLANG_ANALYZER_NONNULL = YES;
				CLANG_CXX_LANGUAGE_STANDARD = "gnu++0x";
				CLANG_CXX_LIBRARY = "libc++";
				CLANG_ENABLE_MODULES = YES;
				CLANG_ENABLE_OBJC_ARC = YES;
				CLANG_WARN_BOOL_CONVERSION = YES;
				CLANG_WARN_CONSTANT_CONVERSION = YES;
				CLANG_WARN_DIRECT_OBJC_ISA_USAGE = YES_ERROR;
				CLANG_WARN_EMPTY_BODY = YES;
				CLANG_WARN_ENUM_CONVERSION = YES;
				CLANG_WARN_INT_CONVERSION = YES;
				CLANG_WARN_OBJC_ROOT_CLASS = YES_ERROR;
				CLANG_WARN_UNREACHABLE_CODE = YES;
				CLANG_WARN__DUPLICATE_METHOD_MATCH = YES;
				"CODE_SIGN_IDENTITY[sdk=iphoneos*]" = "iPhone Developer";
				COPY_PHASE_STRIP = NO;
				DEBUG_INFORMATION_FORMAT = dwarf;
				ENABLE_STRICT_OBJC_MSGSEND = YES;
				ENABLE_TESTABILITY = YES;
				GCC_C_LANGUAGE_STANDARD = gnu99;
				GCC_DYNAMIC_NO_PIC = NO;
				GCC_NO_COMMON_BLOCKS = YES;
				GCC_OPTIMIZATION_LEVEL = 0;
				GCC_PREPROCESSOR_DEFINITIONS = (
					"DEBUG=1",
					"$(inherited)",
				);
				GCC_WARN_64_TO_32_BIT_CONVERSION = YES;
				GCC_WARN_ABOUT_RETURN_TYPE = YES_ERROR;
				GCC_WARN_UNDECLARED_SELECTOR = YES;
				GCC_WARN_UNINITIALIZED_AUTOS = YES_AGGRESSIVE;
				GCC_WARN_UNUSED_FUNCTION = YES;
				GCC_WARN_UNUSED_VARIABLE = YES;
				IPHONEOS_DEPLOYMENT_TARGET = 9.3;
				MTL_ENABLE_DEBUG_INFO = YES;
				ONLY_ACTIVE_ARCH = YES;
				SDKROOT = iphoneos;
				SWIFT_OPTIMIZATION_LEVEL = "-Onone";
			};
			name = Debug;
		};
		AF88522D1CE14C0900B7EE3F /* Release */ = {
			isa = XCBuildConfiguration;
			buildSettings = {
				ALWAYS_SEARCH_USER_PATHS = NO;
				CLANG_ANALYZER_NONNULL = YES;
				CLANG_CXX_LANGUAGE_STANDARD = "gnu++0x";
				CLANG_CXX_LIBRARY = "libc++";
				CLANG_ENABLE_MODULES = YES;
				CLANG_ENABLE_OBJC_ARC = YES;
				CLANG_WARN_BOOL_CONVERSION = YES;
				CLANG_WARN_CONSTANT_CONVERSION = YES;
				CLANG_WARN_DIRECT_OBJC_ISA_USAGE = YES_ERROR;
				CLANG_WARN_EMPTY_BODY = YES;
				CLANG_WARN_ENUM_CONVERSION = YES;
				CLANG_WARN_INT_CONVERSION = YES;
				CLANG_WARN_OBJC_ROOT_CLASS = YES_ERROR;
				CLANG_WARN_UNREACHABLE_CODE = YES;
				CLANG_WARN__DUPLICATE_METHOD_MATCH = YES;
				"CODE_SIGN_IDENTITY[sdk=iphoneos*]" = "iPhone Developer";
				COPY_PHASE_STRIP = NO;
				DEBUG_INFORMATION_FORMAT = "dwarf-with-dsym";
				ENABLE_NS_ASSERTIONS = NO;
				ENABLE_STRICT_OBJC_MSGSEND = YES;
				GCC_C_LANGUAGE_STANDARD = gnu99;
				GCC_NO_COMMON_BLOCKS = YES;
				GCC_WARN_64_TO_32_BIT_CONVERSION = YES;
				GCC_WARN_ABOUT_RETURN_TYPE = YES_ERROR;
				GCC_WARN_UNDECLARED_SELECTOR = YES;
				GCC_WARN_UNINITIALIZED_AUTOS = YES_AGGRESSIVE;
				GCC_WARN_UNUSED_FUNCTION = YES;
				GCC_WARN_UNUSED_VARIABLE = YES;
				IPHONEOS_DEPLOYMENT_TARGET = 9.3;
				MTL_ENABLE_DEBUG_INFO = NO;
				SDKROOT = iphoneos;
				VALIDATE_PRODUCT = YES;
			};
			name = Release;
		};
		AF88522F1CE14C0900B7EE3F /* Debug */ = {
			isa = XCBuildConfiguration;
			buildSettings = {
				ASSETCATALOG_COMPILER_APPICON_NAME = AppIcon;
				INFOPLIST_FILE = VirtualTourist/Info.plist;
				LD_RUNPATH_SEARCH_PATHS = "$(inherited) @executable_path/Frameworks";
				PRODUCT_BUNDLE_IDENTIFIER = com.wymm.VirtualTourist;
				PRODUCT_NAME = "$(TARGET_NAME)";
			};
			name = Debug;
		};
		AF8852301CE14C0900B7EE3F /* Release */ = {
			isa = XCBuildConfiguration;
			buildSettings = {
				ASSETCATALOG_COMPILER_APPICON_NAME = AppIcon;
				INFOPLIST_FILE = VirtualTourist/Info.plist;
				LD_RUNPATH_SEARCH_PATHS = "$(inherited) @executable_path/Frameworks";
				PRODUCT_BUNDLE_IDENTIFIER = com.wymm.VirtualTourist;
				PRODUCT_NAME = "$(TARGET_NAME)";
			};
			name = Release;
		};
		AF8852321CE14C0900B7EE3F /* Debug */ = {
			isa = XCBuildConfiguration;
			buildSettings = {
				BUNDLE_LOADER = "$(TEST_HOST)";
				INFOPLIST_FILE = VirtualTouristTests/Info.plist;
				LD_RUNPATH_SEARCH_PATHS = "$(inherited) @executable_path/Frameworks @loader_path/Frameworks";
				PRODUCT_BUNDLE_IDENTIFIER = com.wymm.VirtualTouristTests;
				PRODUCT_NAME = "$(TARGET_NAME)";
				TEST_HOST = "$(BUILT_PRODUCTS_DIR)/VirtualTourist.app/VirtualTourist";
			};
			name = Debug;
		};
		AF8852331CE14C0900B7EE3F /* Release */ = {
			isa = XCBuildConfiguration;
			buildSettings = {
				BUNDLE_LOADER = "$(TEST_HOST)";
				INFOPLIST_FILE = VirtualTouristTests/Info.plist;
				LD_RUNPATH_SEARCH_PATHS = "$(inherited) @executable_path/Frameworks @loader_path/Frameworks";
				PRODUCT_BUNDLE_IDENTIFIER = com.wymm.VirtualTouristTests;
				PRODUCT_NAME = "$(TARGET_NAME)";
				TEST_HOST = "$(BUILT_PRODUCTS_DIR)/VirtualTourist.app/VirtualTourist";
			};
			name = Release;
		};
		AF8852351CE14C0900B7EE3F /* Debug */ = {
			isa = XCBuildConfiguration;
			buildSettings = {
				INFOPLIST_FILE = VirtualTouristUITests/Info.plist;
				LD_RUNPATH_SEARCH_PATHS = "$(inherited) @executable_path/Frameworks @loader_path/Frameworks";
				PRODUCT_BUNDLE_IDENTIFIER = com.wymm.VirtualTouristUITests;
				PRODUCT_NAME = "$(TARGET_NAME)";
				TEST_TARGET_NAME = VirtualTourist;
			};
			name = Debug;
		};
		AF8852361CE14C0900B7EE3F /* Release */ = {
			isa = XCBuildConfiguration;
			buildSettings = {
				INFOPLIST_FILE = VirtualTouristUITests/Info.plist;
				LD_RUNPATH_SEARCH_PATHS = "$(inherited) @executable_path/Frameworks @loader_path/Frameworks";
				PRODUCT_BUNDLE_IDENTIFIER = com.wymm.VirtualTouristUITests;
				PRODUCT_NAME = "$(TARGET_NAME)";
				TEST_TARGET_NAME = VirtualTourist;
			};
			name = Release;
		};
/* End XCBuildConfiguration section */

/* Begin XCConfigurationList section */
		AF8851FE1CE14C0900B7EE3F /* Build configuration list for PBXProject "VirtualTourist" */ = {
			isa = XCConfigurationList;
			buildConfigurations = (
				AF88522C1CE14C0900B7EE3F /* Debug */,
				AF88522D1CE14C0900B7EE3F /* Release */,
			);
			defaultConfigurationIsVisible = 0;
			defaultConfigurationName = Release;
		};
		AF88522E1CE14C0900B7EE3F /* Build configuration list for PBXNativeTarget "VirtualTourist" */ = {
			isa = XCConfigurationList;
			buildConfigurations = (
				AF88522F1CE14C0900B7EE3F /* Debug */,
				AF8852301CE14C0900B7EE3F /* Release */,
			);
			defaultConfigurationIsVisible = 0;
			defaultConfigurationName = Release;
		};
		AF8852311CE14C0900B7EE3F /* Build configuration list for PBXNativeTarget "VirtualTouristTests" */ = {
			isa = XCConfigurationList;
			buildConfigurations = (
				AF8852321CE14C0900B7EE3F /* Debug */,
				AF8852331CE14C0900B7EE3F /* Release */,
			);
			defaultConfigurationIsVisible = 0;
			defaultConfigurationName = Release;
		};
		AF8852341CE14C0900B7EE3F /* Build configuration list for PBXNativeTarget "VirtualTouristUITests" */ = {
			isa = XCConfigurationList;
			buildConfigurations = (
				AF8852351CE14C0900B7EE3F /* Debug */,
				AF8852361CE14C0900B7EE3F /* Release */,
			);
			defaultConfigurationIsVisible = 0;
			defaultConfigurationName = Release;
		};
/* End XCConfigurationList section */

/* Begin XCVersionGroup section */
		AF88520D1CE14C0900B7EE3F /* VirtualTourist.xcdatamodeld */ = {
			isa = XCVersionGroup;
			children = (
				AF88520E1CE14C0900B7EE3F /* VirtualTourist.xcdatamodel */,
			);
			currentVersion = AF88520E1CE14C0900B7EE3F /* VirtualTourist.xcdatamodel */;
			path = VirtualTourist.xcdatamodeld;
			sourceTree = "<group>";
			versionGroupType = wrapper.xcdatamodel;
		};
/* End XCVersionGroup section */
	};
	rootObject = AF8851FB1CE14C0900B7EE3F /* Project object */;
}
